// !$*UTF8*$!
{
	archiveVersion = 1;
	classes = {
	};
	objectVersion = 55;
	objects = {

/* Begin PBXBuildFile section */
		EE09F07E28448752007B7CE5 /* Cocoa.framework in Frameworks */ = {isa = PBXBuildFile; fileRef = EEE7A6B028447F6C004228EE /* Cocoa.framework */; };
		EE09F07F28448752007B7CE5 /* XcodeKit.framework in Frameworks */ = {isa = PBXBuildFile; fileRef = EEE7A6B228447F6C004228EE /* XcodeKit.framework */; };
		EE09F08228448752007B7CE5 /* SourceEditorExtension.swift in Sources */ = {isa = PBXBuildFile; fileRef = EE09F08128448752007B7CE5 /* SourceEditorExtension.swift */; };
		EE09F08428448752007B7CE5 /* SourceEditorCommand.swift in Sources */ = {isa = PBXBuildFile; fileRef = EE09F08328448752007B7CE5 /* SourceEditorCommand.swift */; };
		EE09F08928448752007B7CE5 /* gitignore Editor.appex in Embed App Extensions */ = {isa = PBXBuildFile; fileRef = EE09F07D28448752007B7CE5 /* gitignore Editor.appex */; settings = {ATTRIBUTES = (RemoveHeadersOnCopy, ); }; };
		EE5AAF98283FA56400E8255C /* ComposableArchitecture in Frameworks */ = {isa = PBXBuildFile; productRef = EE5AAF97283FA56400E8255C /* ComposableArchitecture */; };
		EE5AAF9B283FA57600E8255C /* Swinject in Frameworks */ = {isa = PBXBuildFile; productRef = EE5AAF9A283FA57600E8255C /* Swinject */; };
		EEA34CCE283B9F7C00A00BED /* SearchList.swift in Sources */ = {isa = PBXBuildFile; fileRef = EEA34CCD283B9F7C00A00BED /* SearchList.swift */; };
		EEA395D4283A418700A41CC4 /* RootFeacture.swift in Sources */ = {isa = PBXBuildFile; fileRef = EEA395D3283A418700A41CC4 /* RootFeacture.swift */; };
		EEA395D7283A42BC00A41CC4 /* gitignoreView in Frameworks */ = {isa = PBXBuildFile; productRef = EEA395D6283A42BC00A41CC4 /* gitignoreView */; };
		EEA3F66D283C4D03005D6A15 /* ToolBarButtonStyle.swift in Sources */ = {isa = PBXBuildFile; fileRef = EEA3F66C283C4D03005D6A15 /* ToolBarButtonStyle.swift */; };
		EEA3F66F283C4D88005D6A15 /* CreateButtonStyle.swift in Sources */ = {isa = PBXBuildFile; fileRef = EEA3F66E283C4D88005D6A15 /* CreateButtonStyle.swift */; };
		EEA3F672283C5055005D6A15 /* TitleLogo.swift in Sources */ = {isa = PBXBuildFile; fileRef = EEA3F671283C5055005D6A15 /* TitleLogo.swift */; };
		EEA3F676283CFCB0005D6A15 /* TagListMain.swift in Sources */ = {isa = PBXBuildFile; fileRef = EEA3F675283CFCB0005D6A15 /* TagListMain.swift */; };
		EEA60417282EB4EE00D79666 /* UIUtil in Frameworks */ = {isa = PBXBuildFile; productRef = EEA60416282EB4EE00D79666 /* UIUtil */; };
		EEA6041D282FFEF700D79666 /* Network.framework in Frameworks */ = {isa = PBXBuildFile; fileRef = EEA6041C282FFEF700D79666 /* Network.framework */; };
		EEA604262830277000D79666 /* FoundationUtil in Frameworks */ = {isa = PBXBuildFile; productRef = EEA604252830277000D79666 /* FoundationUtil */; };
		EEA66E5E284075590095FB9A /* OSLog.framework in Frameworks */ = {isa = PBXBuildFile; fileRef = EEA66E5D284075590095FB9A /* OSLog.framework */; };
		EEA66E60284075E50095FB9A /* OSLogUtil in Frameworks */ = {isa = PBXBuildFile; productRef = EEA66E5F284075E50095FB9A /* OSLogUtil */; };
		EEA66E6328407A920095FB9A /* AppDI.swift in Sources */ = {isa = PBXBuildFile; fileRef = EEA66E6228407A920095FB9A /* AppDI.swift */; };
		EEABDA022839F0B400C0F087 /* Effects in Frameworks */ = {isa = PBXBuildFile; productRef = EEABDA012839F0B400C0F087 /* Effects */; };
		EED2E753283343E10040C83A /* RootView.swift in Sources */ = {isa = PBXBuildFile; fileRef = EED2E752283343E10040C83A /* RootView.swift */; };
		EEDA85BF282B40700047F3AC /* gitignoreApp.swift in Sources */ = {isa = PBXBuildFile; fileRef = EEDA85BE282B40700047F3AC /* gitignoreApp.swift */; };
		EEDA85C3282B40720047F3AC /* Assets.xcassets in Resources */ = {isa = PBXBuildFile; fileRef = EEDA85C2282B40720047F3AC /* Assets.xcassets */; };
		EEDA85C6282B40720047F3AC /* Preview Assets.xcassets in Resources */ = {isa = PBXBuildFile; fileRef = EEDA85C5282B40720047F3AC /* Preview Assets.xcassets */; };
		EEDE5B76282BA8EC00C0ADBA /* MainView.swift in Sources */ = {isa = PBXBuildFile; fileRef = EEDE5B75282BA8EC00C0ADBA /* MainView.swift */; };
		EEDE5B87282BD1B400C0ADBA /* gitignoreTextfieldStyle.swift in Sources */ = {isa = PBXBuildFile; fileRef = EEDE5B86282BD1B400C0ADBA /* gitignoreTextfieldStyle.swift */; };
		EEEBD258282C7A7200608EB6 /* MainFeacture.swift in Sources */ = {isa = PBXBuildFile; fileRef = EEEBD257282C7A7200608EB6 /* MainFeacture.swift */; };
/* End PBXBuildFile section */

/* Begin PBXContainerItemProxy section */
		EE09F08728448752007B7CE5 /* PBXContainerItemProxy */ = {
			isa = PBXContainerItemProxy;
			containerPortal = EEDA85B3282B40700047F3AC /* Project object */;
			proxyType = 1;
			remoteGlobalIDString = EE09F07C28448752007B7CE5;
			remoteInfo = "gitignore Editor";
		};
/* End PBXContainerItemProxy section */

/* Begin PBXCopyFilesBuildPhase section */
		EEE7A6C128447F6C004228EE /* Embed App Extensions */ = {
			isa = PBXCopyFilesBuildPhase;
			buildActionMask = 2147483647;
			dstPath = "";
			dstSubfolderSpec = 13;
			files = (
				EE09F08928448752007B7CE5 /* gitignore Editor.appex in Embed App Extensions */,
			);
			name = "Embed App Extensions";
			runOnlyForDeploymentPostprocessing = 0;
		};
/* End PBXCopyFilesBuildPhase section */

/* Begin PBXFileReference section */
		EE09F07D28448752007B7CE5 /* gitignore Editor.appex */ = {isa = PBXFileReference; explicitFileType = "wrapper.app-extension"; includeInIndex = 0; path = "gitignore Editor.appex"; sourceTree = BUILT_PRODUCTS_DIR; };
		EE09F08128448752007B7CE5 /* SourceEditorExtension.swift */ = {isa = PBXFileReference; lastKnownFileType = sourcecode.swift; path = SourceEditorExtension.swift; sourceTree = "<group>"; };
		EE09F08328448752007B7CE5 /* SourceEditorCommand.swift */ = {isa = PBXFileReference; lastKnownFileType = sourcecode.swift; path = SourceEditorCommand.swift; sourceTree = "<group>"; };
		EE09F08528448752007B7CE5 /* Info.plist */ = {isa = PBXFileReference; lastKnownFileType = text.plist.xml; path = Info.plist; sourceTree = "<group>"; };
		EE09F08628448752007B7CE5 /* gitignore_Editor.entitlements */ = {isa = PBXFileReference; lastKnownFileType = text.plist.entitlements; path = gitignore_Editor.entitlements; sourceTree = "<group>"; };
		EE74C70928396639001EF6E1 /* Effects */ = {isa = PBXFileReference; lastKnownFileType = wrapper; path = Effects; sourceTree = "<group>"; };
		EEA34CCD283B9F7C00A00BED /* SearchList.swift */ = {isa = PBXFileReference; lastKnownFileType = sourcecode.swift; path = SearchList.swift; sourceTree = "<group>"; };
		EEA395D3283A418700A41CC4 /* RootFeacture.swift */ = {isa = PBXFileReference; lastKnownFileType = sourcecode.swift; path = RootFeacture.swift; sourceTree = "<group>"; };
		EEA3F66C283C4D03005D6A15 /* ToolBarButtonStyle.swift */ = {isa = PBXFileReference; lastKnownFileType = sourcecode.swift; path = ToolBarButtonStyle.swift; sourceTree = "<group>"; };
		EEA3F66E283C4D88005D6A15 /* CreateButtonStyle.swift */ = {isa = PBXFileReference; lastKnownFileType = sourcecode.swift; path = CreateButtonStyle.swift; sourceTree = "<group>"; };
		EEA3F671283C5055005D6A15 /* TitleLogo.swift */ = {isa = PBXFileReference; lastKnownFileType = sourcecode.swift; path = TitleLogo.swift; sourceTree = "<group>"; };
		EEA3F675283CFCB0005D6A15 /* TagListMain.swift */ = {isa = PBXFileReference; lastKnownFileType = sourcecode.swift; path = TagListMain.swift; sourceTree = "<group>"; };
		EEA60414282EB3DA00D79666 /* Platform */ = {isa = PBXFileReference; lastKnownFileType = wrapper; path = Platform; sourceTree = "<group>"; };
		EEA6041C282FFEF700D79666 /* Network.framework */ = {isa = PBXFileReference; lastKnownFileType = wrapper.framework; name = Network.framework; path = System/Library/Frameworks/Network.framework; sourceTree = SDKROOT; };
		EEA66E5D284075590095FB9A /* OSLog.framework */ = {isa = PBXFileReference; lastKnownFileType = wrapper.framework; name = OSLog.framework; path = System/Library/Frameworks/OSLog.framework; sourceTree = SDKROOT; };
		EEA66E6228407A920095FB9A /* AppDI.swift */ = {isa = PBXFileReference; lastKnownFileType = sourcecode.swift; path = AppDI.swift; sourceTree = "<group>"; };
		EED2E752283343E10040C83A /* RootView.swift */ = {isa = PBXFileReference; lastKnownFileType = sourcecode.swift; path = RootView.swift; sourceTree = "<group>"; };
		EEDA85BB282B40700047F3AC /* gitignore.app */ = {isa = PBXFileReference; explicitFileType = wrapper.application; includeInIndex = 0; path = gitignore.app; sourceTree = BUILT_PRODUCTS_DIR; };
		EEDA85BE282B40700047F3AC /* gitignoreApp.swift */ = {isa = PBXFileReference; lastKnownFileType = sourcecode.swift; path = gitignoreApp.swift; sourceTree = "<group>"; };
		EEDA85C2282B40720047F3AC /* Assets.xcassets */ = {isa = PBXFileReference; lastKnownFileType = folder.assetcatalog; path = Assets.xcassets; sourceTree = "<group>"; };
		EEDA85C5282B40720047F3AC /* Preview Assets.xcassets */ = {isa = PBXFileReference; lastKnownFileType = folder.assetcatalog; path = "Preview Assets.xcassets"; sourceTree = "<group>"; };
		EEDA85C7282B40720047F3AC /* gitignore.entitlements */ = {isa = PBXFileReference; lastKnownFileType = text.plist.entitlements; name = gitignore.entitlements; path = gitignore/Supporting/gitignore.entitlements; sourceTree = SOURCE_ROOT; };
		EEDE5B75282BA8EC00C0ADBA /* MainView.swift */ = {isa = PBXFileReference; lastKnownFileType = sourcecode.swift; path = MainView.swift; sourceTree = "<group>"; };
		EEDE5B86282BD1B400C0ADBA /* gitignoreTextfieldStyle.swift */ = {isa = PBXFileReference; lastKnownFileType = sourcecode.swift; path = gitignoreTextfieldStyle.swift; sourceTree = "<group>"; };
		EEE7A6B028447F6C004228EE /* Cocoa.framework */ = {isa = PBXFileReference; lastKnownFileType = wrapper.framework; name = Cocoa.framework; path = System/Library/Frameworks/Cocoa.framework; sourceTree = SDKROOT; };
		EEE7A6B228447F6C004228EE /* XcodeKit.framework */ = {isa = PBXFileReference; lastKnownFileType = wrapper.framework; name = XcodeKit.framework; path = Library/Frameworks/XcodeKit.framework; sourceTree = DEVELOPER_DIR; };
		EEEBD257282C7A7200608EB6 /* MainFeacture.swift */ = {isa = PBXFileReference; lastKnownFileType = sourcecode.swift; path = MainFeacture.swift; sourceTree = "<group>"; };
/* End PBXFileReference section */

/* Begin PBXFrameworksBuildPhase section */
		EE09F07A28448752007B7CE5 /* Frameworks */ = {
			isa = PBXFrameworksBuildPhase;
			buildActionMask = 2147483647;
			files = (
				EE09F07E28448752007B7CE5 /* Cocoa.framework in Frameworks */,
				EE09F07F28448752007B7CE5 /* XcodeKit.framework in Frameworks */,
			);
			runOnlyForDeploymentPostprocessing = 0;
		};
		EEDA85B8282B40700047F3AC /* Frameworks */ = {
			isa = PBXFrameworksBuildPhase;
			buildActionMask = 2147483647;
			files = (
				EEABDA022839F0B400C0F087 /* Effects in Frameworks */,
				EEA66E5E284075590095FB9A /* OSLog.framework in Frameworks */,
				EE5AAF9B283FA57600E8255C /* Swinject in Frameworks */,
				EEA60417282EB4EE00D79666 /* UIUtil in Frameworks */,
				EE5AAF98283FA56400E8255C /* ComposableArchitecture in Frameworks */,
				EEA395D7283A42BC00A41CC4 /* gitignoreView in Frameworks */,
				EEA604262830277000D79666 /* FoundationUtil in Frameworks */,
				EEA66E60284075E50095FB9A /* OSLogUtil in Frameworks */,
				EEA6041D282FFEF700D79666 /* Network.framework in Frameworks */,
			);
			runOnlyForDeploymentPostprocessing = 0;
		};
/* End PBXFrameworksBuildPhase section */

/* Begin PBXGroup section */
		EE09F08028448752007B7CE5 /* gitignore Editor */ = {
			isa = PBXGroup;
			children = (
				EE09F08128448752007B7CE5 /* SourceEditorExtension.swift */,
				EE09F08328448752007B7CE5 /* SourceEditorCommand.swift */,
				EE09F08528448752007B7CE5 /* Info.plist */,
				EE09F08628448752007B7CE5 /* gitignore_Editor.entitlements */,
			);
			path = "gitignore Editor";
			sourceTree = "<group>";
		};
		EE841F3E284241B40070EAAC /* App */ = {
			isa = PBXGroup;
			children = (
				EEA66E6128407A8B0095FB9A /* DI */,
				EEDA85BE282B40700047F3AC /* gitignoreApp.swift */,
			);
			path = App;
			sourceTree = "<group>";
		};
		EEA34CCA283B9DD600A00BED /* Textfield */ = {
			isa = PBXGroup;
			children = (
				EEDE5B86282BD1B400C0ADBA /* gitignoreTextfieldStyle.swift */,
			);
			path = Textfield;
			sourceTree = "<group>";
		};
		EEA34CCC283B9DF500A00BED /* Search List */ = {
			isa = PBXGroup;
			children = (
				EEA34CCD283B9F7C00A00BED /* SearchList.swift */,
			);
			path = "Search List";
			sourceTree = "<group>";
		};
		EEA395D2283A417000A41CC4 /* Root */ = {
			isa = PBXGroup;
			children = (
				EED2E752283343E10040C83A /* RootView.swift */,
				EEA395D3283A418700A41CC4 /* RootFeacture.swift */,
			);
			path = Root;
			sourceTree = "<group>";
		};
		EEA3F66B283C4CE8005D6A15 /* Button */ = {
			isa = PBXGroup;
			children = (
				EEA3F66C283C4D03005D6A15 /* ToolBarButtonStyle.swift */,
				EEA3F66E283C4D88005D6A15 /* CreateButtonStyle.swift */,
			);
			path = Button;
			sourceTree = "<group>";
		};
		EEA3F670283C5048005D6A15 /* Title */ = {
			isa = PBXGroup;
			children = (
				EEA3F671283C5055005D6A15 /* TitleLogo.swift */,
			);
			path = Title;
			sourceTree = "<group>";
		};
		EEA3F674283CFCA6005D6A15 /* Tag */ = {
			isa = PBXGroup;
			children = (
				EEA3F675283CFCB0005D6A15 /* TagListMain.swift */,
			);
			path = Tag;
			sourceTree = "<group>";
		};
		EEA60415282EB4EE00D79666 /* Frameworks */ = {
			isa = PBXGroup;
			children = (
				EEA66E5D284075590095FB9A /* OSLog.framework */,
				EEA6041C282FFEF700D79666 /* Network.framework */,
				EEE7A6B028447F6C004228EE /* Cocoa.framework */,
				EEE7A6B228447F6C004228EE /* XcodeKit.framework */,
			);
			name = Frameworks;
			sourceTree = "<group>";
		};
		EEA66E6128407A8B0095FB9A /* DI */ = {
			isa = PBXGroup;
			children = (
				EEA66E6228407A920095FB9A /* AppDI.swift */,
			);
			path = DI;
			sourceTree = "<group>";
		};
		EEC953B1283E7BD1005861AA /* Style */ = {
			isa = PBXGroup;
			children = (
				EEA3F66B283C4CE8005D6A15 /* Button */,
				EEA34CCA283B9DD600A00BED /* Textfield */,
			);
			path = Style;
			sourceTree = "<group>";
		};
		EEDA85B2282B40700047F3AC = {
			isa = PBXGroup;
			children = (
				EE74C70928396639001EF6E1 /* Effects */,
				EEA60414282EB3DA00D79666 /* Platform */,
				EEDA85BD282B40700047F3AC /* gitignore */,
				EE09F08028448752007B7CE5 /* gitignore Editor */,
				EEDA85BC282B40700047F3AC /* Products */,
				EEA60415282EB4EE00D79666 /* Frameworks */,
			);
			sourceTree = "<group>";
		};
		EEDA85BC282B40700047F3AC /* Products */ = {
			isa = PBXGroup;
			children = (
				EEDA85BB282B40700047F3AC /* gitignore.app */,
				EE09F07D28448752007B7CE5 /* gitignore Editor.appex */,
			);
			name = Products;
			sourceTree = "<group>";
		};
		EEDA85BD282B40700047F3AC /* gitignore */ = {
			isa = PBXGroup;
			children = (
				EEDE5B4A282B5EC400C0ADBA /* Supporting */,
				EEDE5B49282B5EB800C0ADBA /* Resources */,
				EEDE5B48282B5EAF00C0ADBA /* Sources */,
			);
			path = gitignore;
			sourceTree = "<group>";
		};
		EEDA85C4282B40720047F3AC /* Preview Content */ = {
			isa = PBXGroup;
			children = (
				EEDA85C5282B40720047F3AC /* Preview Assets.xcassets */,
			);
			name = "Preview Content";
			path = "gitignore/Resources/Preview Content";
			sourceTree = SOURCE_ROOT;
		};
		EEDE59462831F71000A7FDF0 /* View */ = {
			isa = PBXGroup;
			children = (
				EEA3F674283CFCA6005D6A15 /* Tag */,
				EEA3F670283C5048005D6A15 /* Title */,
				EEA34CCC283B9DF500A00BED /* Search List */,
			);
			path = View;
			sourceTree = "<group>";
		};
		EEDE5B47282B5EAA00C0ADBA /* UI */ = {
			isa = PBXGroup;
			children = (
				EEEBD254282C7A3400608EB6 /* Main */,
			);
			path = UI;
			sourceTree = "<group>";
		};
		EEDE5B48282B5EAF00C0ADBA /* Sources */ = {
			isa = PBXGroup;
			children = (
				EE841F3E284241B40070EAAC /* App */,
				EEA395D2283A417000A41CC4 /* Root */,
				EEDE5B47282B5EAA00C0ADBA /* UI */,
			);
			path = Sources;
			sourceTree = "<group>";
		};
		EEDE5B49282B5EB800C0ADBA /* Resources */ = {
			isa = PBXGroup;
			children = (
				EEDA85C4282B40720047F3AC /* Preview Content */,
				EEDA85C2282B40720047F3AC /* Assets.xcassets */,
			);
			path = Resources;
			sourceTree = "<group>";
		};
		EEDE5B4A282B5EC400C0ADBA /* Supporting */ = {
			isa = PBXGroup;
			children = (
				EEDA85C7282B40720047F3AC /* gitignore.entitlements */,
			);
			path = Supporting;
			sourceTree = "<group>";
		};
		EEEBD254282C7A3400608EB6 /* Main */ = {
			isa = PBXGroup;
			children = (
				EEC953B1283E7BD1005861AA /* Style */,
				EEDE59462831F71000A7FDF0 /* View */,
				EEDE5B75282BA8EC00C0ADBA /* MainView.swift */,
				EEEBD257282C7A7200608EB6 /* MainFeacture.swift */,
			);
			path = Main;
			sourceTree = "<group>";
		};
/* End PBXGroup section */

/* Begin PBXNativeTarget section */
		EE09F07C28448752007B7CE5 /* gitignore Editor */ = {
			isa = PBXNativeTarget;
			buildConfigurationList = EE09F08A28448752007B7CE5 /* Build configuration list for PBXNativeTarget "gitignore Editor" */;
			buildPhases = (
				EE09F07928448752007B7CE5 /* Sources */,
				EE09F07A28448752007B7CE5 /* Frameworks */,
				EE09F07B28448752007B7CE5 /* Resources */,
			);
			buildRules = (
			);
			dependencies = (
			);
			name = "gitignore Editor";
			productName = "gitignore Editor";
			productReference = EE09F07D28448752007B7CE5 /* gitignore Editor.appex */;
			productType = "com.apple.product-type.xcode-extension";
		};
		EEDA85BA282B40700047F3AC /* gitignore */ = {
			isa = PBXNativeTarget;
			buildConfigurationList = EEDA85CA282B40720047F3AC /* Build configuration list for PBXNativeTarget "gitignore" */;
			buildPhases = (
				EEDA85B7282B40700047F3AC /* Sources */,
				EEDA85B8282B40700047F3AC /* Frameworks */,
				EEDA85B9282B40700047F3AC /* Resources */,
				EEE7A6C128447F6C004228EE /* Embed App Extensions */,
			);
			buildRules = (
			);
			dependencies = (
				EE09F08828448752007B7CE5 /* PBXTargetDependency */,
			);
			name = gitignore;
			packageProductDependencies = (
				EEA60416282EB4EE00D79666 /* UIUtil */,
				EEA604252830277000D79666 /* FoundationUtil */,
				EEABDA012839F0B400C0F087 /* Effects */,
				EEA395D6283A42BC00A41CC4 /* gitignoreView */,
				EE5AAF97283FA56400E8255C /* ComposableArchitecture */,
				EE5AAF9A283FA57600E8255C /* Swinject */,
				EEA66E5F284075E50095FB9A /* OSLogUtil */,
			);
			productName = gitignore;
			productReference = EEDA85BB282B40700047F3AC /* gitignore.app */;
			productType = "com.apple.product-type.application";
		};
/* End PBXNativeTarget section */

/* Begin PBXProject section */
		EEDA85B3282B40700047F3AC /* Project object */ = {
			isa = PBXProject;
			attributes = {
				BuildIndependentTargetsInParallel = 1;
				LastSwiftUpdateCheck = 1340;
				LastUpgradeCheck = 1330;
				TargetAttributes = {
					EE09F07C28448752007B7CE5 = {
						CreatedOnToolsVersion = 13.4;
					};
					EEDA85BA282B40700047F3AC = {
						CreatedOnToolsVersion = 13.3.1;
					};
				};
			};
			buildConfigurationList = EEDA85B6282B40700047F3AC /* Build configuration list for PBXProject "gitignore" */;
			compatibilityVersion = "Xcode 13.0";
			developmentRegion = en;
			hasScannedForEncodings = 0;
			knownRegions = (
				en,
				Base,
			);
			mainGroup = EEDA85B2282B40700047F3AC;
			packageReferences = (
				EE5AAF96283FA56400E8255C /* XCRemoteSwiftPackageReference "swift-composable-architecture" */,
				EE5AAF99283FA57600E8255C /* XCRemoteSwiftPackageReference "Swinject" */,
			);
			productRefGroup = EEDA85BC282B40700047F3AC /* Products */;
			projectDirPath = "";
			projectRoot = "";
			targets = (
				EEDA85BA282B40700047F3AC /* gitignore */,
				EE09F07C28448752007B7CE5 /* gitignore Editor */,
			);
		};
/* End PBXProject section */

/* Begin PBXResourcesBuildPhase section */
		EE09F07B28448752007B7CE5 /* Resources */ = {
			isa = PBXResourcesBuildPhase;
			buildActionMask = 2147483647;
			files = (
			);
			runOnlyForDeploymentPostprocessing = 0;
		};
		EEDA85B9282B40700047F3AC /* Resources */ = {
			isa = PBXResourcesBuildPhase;
			buildActionMask = 2147483647;
			files = (
				EEDA85C6282B40720047F3AC /* Preview Assets.xcassets in Resources */,
				EEDA85C3282B40720047F3AC /* Assets.xcassets in Resources */,
			);
			runOnlyForDeploymentPostprocessing = 0;
		};
/* End PBXResourcesBuildPhase section */

/* Begin PBXSourcesBuildPhase section */
		EE09F07928448752007B7CE5 /* Sources */ = {
			isa = PBXSourcesBuildPhase;
			buildActionMask = 2147483647;
			files = (
				EE09F08228448752007B7CE5 /* SourceEditorExtension.swift in Sources */,
				EE09F08428448752007B7CE5 /* SourceEditorCommand.swift in Sources */,
			);
			runOnlyForDeploymentPostprocessing = 0;
		};
		EEDA85B7282B40700047F3AC /* Sources */ = {
			isa = PBXSourcesBuildPhase;
			buildActionMask = 2147483647;
			files = (
				EED2E753283343E10040C83A /* RootView.swift in Sources */,
				EEDE5B76282BA8EC00C0ADBA /* MainView.swift in Sources */,
				EEDE5B87282BD1B400C0ADBA /* gitignoreTextfieldStyle.swift in Sources */,
				EEDA85BF282B40700047F3AC /* gitignoreApp.swift in Sources */,
				EEA395D4283A418700A41CC4 /* RootFeacture.swift in Sources */,
				EEA3F66F283C4D88005D6A15 /* CreateButtonStyle.swift in Sources */,
				EEA34CCE283B9F7C00A00BED /* SearchList.swift in Sources */,
				EEA66E6328407A920095FB9A /* AppDI.swift in Sources */,
				EEA3F676283CFCB0005D6A15 /* TagListMain.swift in Sources */,
				EEA3F66D283C4D03005D6A15 /* ToolBarButtonStyle.swift in Sources */,
				EEA3F672283C5055005D6A15 /* TitleLogo.swift in Sources */,
				EEEBD258282C7A7200608EB6 /* MainFeacture.swift in Sources */,
			);
			runOnlyForDeploymentPostprocessing = 0;
		};
/* End PBXSourcesBuildPhase section */

/* Begin PBXTargetDependency section */
		EE09F08828448752007B7CE5 /* PBXTargetDependency */ = {
			isa = PBXTargetDependency;
			target = EE09F07C28448752007B7CE5 /* gitignore Editor */;
			targetProxy = EE09F08728448752007B7CE5 /* PBXContainerItemProxy */;
		};
/* End PBXTargetDependency section */

/* Begin XCBuildConfiguration section */
		EE09F08B28448752007B7CE5 /* Debug */ = {
			isa = XCBuildConfiguration;
			buildSettings = {
				CODE_SIGN_ENTITLEMENTS = "gitignore Editor/gitignore_Editor.entitlements";
				CODE_SIGN_IDENTITY = "-";
				CODE_SIGN_STYLE = Automatic;
				COMBINE_HIDPI_IMAGES = YES;
				CURRENT_PROJECT_VERSION = 1;
				DEVELOPMENT_TEAM = Q2JZBR7H7Y;
				ENABLE_HARDENED_RUNTIME = YES;
				GENERATE_INFOPLIST_FILE = YES;
				INFOPLIST_FILE = "gitignore Editor/Info.plist";
				INFOPLIST_KEY_CFBundleDisplayName = "gitignore Editor";
				INFOPLIST_KEY_NSHumanReadableCopyright = "";
				LD_RUNPATH_SEARCH_PATHS = (
					"$(inherited)",
					"@executable_path/../Frameworks",
					"@executable_path/../../../../Frameworks",
				);
				MARKETING_VERSION = 1.0;
				PRODUCT_BUNDLE_IDENTIFIER = "JiHoonAHN.gitignore.gitignore-Editor";
				PRODUCT_NAME = "$(TARGET_NAME)";
				SKIP_INSTALL = YES;
				SWIFT_EMIT_LOC_STRINGS = YES;
				SWIFT_VERSION = 5.0;
			};
			name = Debug;
		};
		EE09F08C28448752007B7CE5 /* Release */ = {
			isa = XCBuildConfiguration;
			buildSettings = {
				CODE_SIGN_ENTITLEMENTS = "gitignore Editor/gitignore_Editor.entitlements";
				CODE_SIGN_IDENTITY = "-";
				CODE_SIGN_STYLE = Automatic;
				COMBINE_HIDPI_IMAGES = YES;
				CURRENT_PROJECT_VERSION = 1;
				DEVELOPMENT_TEAM = Q2JZBR7H7Y;
				ENABLE_HARDENED_RUNTIME = YES;
				GENERATE_INFOPLIST_FILE = YES;
				INFOPLIST_FILE = "gitignore Editor/Info.plist";
				INFOPLIST_KEY_CFBundleDisplayName = "gitignore Editor";
				INFOPLIST_KEY_NSHumanReadableCopyright = "";
				LD_RUNPATH_SEARCH_PATHS = (
					"$(inherited)",
					"@executable_path/../Frameworks",
					"@executable_path/../../../../Frameworks",
				);
				MARKETING_VERSION = 1.0;
				PRODUCT_BUNDLE_IDENTIFIER = "JiHoonAHN.gitignore.gitignore-Editor";
				PRODUCT_NAME = "$(TARGET_NAME)";
				SKIP_INSTALL = YES;
				SWIFT_EMIT_LOC_STRINGS = YES;
				SWIFT_VERSION = 5.0;
			};
			name = Release;
		};
		EEDA85C8282B40720047F3AC /* Debug */ = {
			isa = XCBuildConfiguration;
			buildSettings = {
				ALWAYS_SEARCH_USER_PATHS = NO;
				CLANG_ANALYZER_NONNULL = YES;
				CLANG_ANALYZER_NUMBER_OBJECT_CONVERSION = YES_AGGRESSIVE;
				CLANG_CXX_LANGUAGE_STANDARD = "gnu++17";
				CLANG_ENABLE_MODULES = YES;
				CLANG_ENABLE_OBJC_ARC = YES;
				CLANG_ENABLE_OBJC_WEAK = YES;
				CLANG_WARN_BLOCK_CAPTURE_AUTORELEASING = YES;
				CLANG_WARN_BOOL_CONVERSION = YES;
				CLANG_WARN_COMMA = YES;
				CLANG_WARN_CONSTANT_CONVERSION = YES;
				CLANG_WARN_DEPRECATED_OBJC_IMPLEMENTATIONS = YES;
				CLANG_WARN_DIRECT_OBJC_ISA_USAGE = YES_ERROR;
				CLANG_WARN_DOCUMENTATION_COMMENTS = YES;
				CLANG_WARN_EMPTY_BODY = YES;
				CLANG_WARN_ENUM_CONVERSION = YES;
				CLANG_WARN_INFINITE_RECURSION = YES;
				CLANG_WARN_INT_CONVERSION = YES;
				CLANG_WARN_NON_LITERAL_NULL_CONVERSION = YES;
				CLANG_WARN_OBJC_IMPLICIT_RETAIN_SELF = YES;
				CLANG_WARN_OBJC_LITERAL_CONVERSION = YES;
				CLANG_WARN_OBJC_ROOT_CLASS = YES_ERROR;
				CLANG_WARN_QUOTED_INCLUDE_IN_FRAMEWORK_HEADER = YES;
				CLANG_WARN_RANGE_LOOP_ANALYSIS = YES;
				CLANG_WARN_STRICT_PROTOTYPES = YES;
				CLANG_WARN_SUSPICIOUS_MOVE = YES;
				CLANG_WARN_UNGUARDED_AVAILABILITY = YES_AGGRESSIVE;
				CLANG_WARN_UNREACHABLE_CODE = YES;
				CLANG_WARN__DUPLICATE_METHOD_MATCH = YES;
				COPY_PHASE_STRIP = NO;
				DEBUG_INFORMATION_FORMAT = dwarf;
				ENABLE_STRICT_OBJC_MSGSEND = YES;
				ENABLE_TESTABILITY = YES;
				GCC_C_LANGUAGE_STANDARD = gnu11;
				GCC_DYNAMIC_NO_PIC = NO;
				GCC_NO_COMMON_BLOCKS = YES;
				GCC_OPTIMIZATION_LEVEL = 0;
				GCC_PREPROCESSOR_DEFINITIONS = (
					"DEBUG=1",
					"$(inherited)",
				);
				GCC_WARN_64_TO_32_BIT_CONVERSION = YES;
				GCC_WARN_ABOUT_RETURN_TYPE = YES_ERROR;
				GCC_WARN_UNDECLARED_SELECTOR = YES;
				GCC_WARN_UNINITIALIZED_AUTOS = YES_AGGRESSIVE;
				GCC_WARN_UNUSED_FUNCTION = YES;
				GCC_WARN_UNUSED_VARIABLE = YES;
				MACOSX_DEPLOYMENT_TARGET = 12.3;
				MTL_ENABLE_DEBUG_INFO = INCLUDE_SOURCE;
				MTL_FAST_MATH = YES;
				ONLY_ACTIVE_ARCH = YES;
				SDKROOT = macosx;
				SWIFT_ACTIVE_COMPILATION_CONDITIONS = DEBUG;
				SWIFT_OPTIMIZATION_LEVEL = "-Onone";
			};
			name = Debug;
		};
		EEDA85C9282B40720047F3AC /* Release */ = {
			isa = XCBuildConfiguration;
			buildSettings = {
				ALWAYS_SEARCH_USER_PATHS = NO;
				CLANG_ANALYZER_NONNULL = YES;
				CLANG_ANALYZER_NUMBER_OBJECT_CONVERSION = YES_AGGRESSIVE;
				CLANG_CXX_LANGUAGE_STANDARD = "gnu++17";
				CLANG_ENABLE_MODULES = YES;
				CLANG_ENABLE_OBJC_ARC = YES;
				CLANG_ENABLE_OBJC_WEAK = YES;
				CLANG_WARN_BLOCK_CAPTURE_AUTORELEASING = YES;
				CLANG_WARN_BOOL_CONVERSION = YES;
				CLANG_WARN_COMMA = YES;
				CLANG_WARN_CONSTANT_CONVERSION = YES;
				CLANG_WARN_DEPRECATED_OBJC_IMPLEMENTATIONS = YES;
				CLANG_WARN_DIRECT_OBJC_ISA_USAGE = YES_ERROR;
				CLANG_WARN_DOCUMENTATION_COMMENTS = YES;
				CLANG_WARN_EMPTY_BODY = YES;
				CLANG_WARN_ENUM_CONVERSION = YES;
				CLANG_WARN_INFINITE_RECURSION = YES;
				CLANG_WARN_INT_CONVERSION = YES;
				CLANG_WARN_NON_LITERAL_NULL_CONVERSION = YES;
				CLANG_WARN_OBJC_IMPLICIT_RETAIN_SELF = YES;
				CLANG_WARN_OBJC_LITERAL_CONVERSION = YES;
				CLANG_WARN_OBJC_ROOT_CLASS = YES_ERROR;
				CLANG_WARN_QUOTED_INCLUDE_IN_FRAMEWORK_HEADER = YES;
				CLANG_WARN_RANGE_LOOP_ANALYSIS = YES;
				CLANG_WARN_STRICT_PROTOTYPES = YES;
				CLANG_WARN_SUSPICIOUS_MOVE = YES;
				CLANG_WARN_UNGUARDED_AVAILABILITY = YES_AGGRESSIVE;
				CLANG_WARN_UNREACHABLE_CODE = YES;
				CLANG_WARN__DUPLICATE_METHOD_MATCH = YES;
				COPY_PHASE_STRIP = NO;
				DEBUG_INFORMATION_FORMAT = "dwarf-with-dsym";
				ENABLE_NS_ASSERTIONS = NO;
				ENABLE_STRICT_OBJC_MSGSEND = YES;
				GCC_C_LANGUAGE_STANDARD = gnu11;
				GCC_NO_COMMON_BLOCKS = YES;
				GCC_WARN_64_TO_32_BIT_CONVERSION = YES;
				GCC_WARN_ABOUT_RETURN_TYPE = YES_ERROR;
				GCC_WARN_UNDECLARED_SELECTOR = YES;
				GCC_WARN_UNINITIALIZED_AUTOS = YES_AGGRESSIVE;
				GCC_WARN_UNUSED_FUNCTION = YES;
				GCC_WARN_UNUSED_VARIABLE = YES;
				MACOSX_DEPLOYMENT_TARGET = 12.3;
				MTL_ENABLE_DEBUG_INFO = NO;
				MTL_FAST_MATH = YES;
				SDKROOT = macosx;
				SWIFT_COMPILATION_MODE = wholemodule;
				SWIFT_OPTIMIZATION_LEVEL = "-O";
			};
			name = Release;
		};
		EEDA85CB282B40720047F3AC /* Debug */ = {
			isa = XCBuildConfiguration;
			buildSettings = {
				ALWAYS_EMBED_SWIFT_STANDARD_LIBRARIES = YES;
				ASSETCATALOG_COMPILER_APPICON_NAME = AppIcon;
				ASSETCATALOG_COMPILER_GLOBAL_ACCENT_COLOR_NAME = AccentColor;
				CODE_SIGN_ENTITLEMENTS = gitignore/Supporting/gitignore.entitlements;
				CODE_SIGN_IDENTITY = "-";
				CODE_SIGN_STYLE = Automatic;
				COMBINE_HIDPI_IMAGES = YES;
				CURRENT_PROJECT_VERSION = 1;
				DEVELOPMENT_ASSET_PATHS = "\"gitignore/Resources/Preview Content\"";
				DEVELOPMENT_TEAM = Q2JZBR7H7Y;
				ENABLE_HARDENED_RUNTIME = YES;
				ENABLE_PREVIEWS = YES;
				GENERATE_INFOPLIST_FILE = YES;
				INFOPLIST_FILE = gitignore/Info.plist;
				INFOPLIST_KEY_LSApplicationCategoryType = "public.app-category.utilities";
				INFOPLIST_KEY_NSHumanReadableCopyright = "";
				LD_RUNPATH_SEARCH_PATHS = (
					"$(inherited)",
					"@executable_path/../Frameworks",
				);
				MARKETING_VERSION = 1.0;
				PRODUCT_BUNDLE_IDENTIFIER = JiHoonAHN.gitignore;
				PRODUCT_NAME = "$(TARGET_NAME)";
				SWIFT_EMIT_LOC_STRINGS = YES;
				SWIFT_VERSION = 5.0;
			};
			name = Debug;
		};
		EEDA85CC282B40720047F3AC /* Release */ = {
			isa = XCBuildConfiguration;
			buildSettings = {
				ALWAYS_EMBED_SWIFT_STANDARD_LIBRARIES = YES;
				ASSETCATALOG_COMPILER_APPICON_NAME = AppIcon;
				ASSETCATALOG_COMPILER_GLOBAL_ACCENT_COLOR_NAME = AccentColor;
				CODE_SIGN_ENTITLEMENTS = gitignore/Supporting/gitignore.entitlements;
				CODE_SIGN_IDENTITY = "-";
				CODE_SIGN_STYLE = Automatic;
				COMBINE_HIDPI_IMAGES = YES;
				CURRENT_PROJECT_VERSION = 1;
				DEVELOPMENT_ASSET_PATHS = "\"gitignore/Resources/Preview Content\"";
				DEVELOPMENT_TEAM = Q2JZBR7H7Y;
				ENABLE_HARDENED_RUNTIME = YES;
				ENABLE_PREVIEWS = YES;
				GENERATE_INFOPLIST_FILE = YES;
				INFOPLIST_FILE = gitignore/Info.plist;
				INFOPLIST_KEY_LSApplicationCategoryType = "public.app-category.utilities";
				INFOPLIST_KEY_NSHumanReadableCopyright = "";
				LD_RUNPATH_SEARCH_PATHS = (
					"$(inherited)",
					"@executable_path/../Frameworks",
				);
				MARKETING_VERSION = 1.0;
				PRODUCT_BUNDLE_IDENTIFIER = JiHoonAHN.gitignore;
				PRODUCT_NAME = "$(TARGET_NAME)";
				SWIFT_EMIT_LOC_STRINGS = YES;
				SWIFT_VERSION = 5.0;
			};
			name = Release;
		};
/* End XCBuildConfiguration section */

/* Begin XCConfigurationList section */
		EE09F08A28448752007B7CE5 /* Build configuration list for PBXNativeTarget "gitignore Editor" */ = {
			isa = XCConfigurationList;
			buildConfigurations = (
				EE09F08B28448752007B7CE5 /* Debug */,
				EE09F08C28448752007B7CE5 /* Release */,
			);
			defaultConfigurationIsVisible = 0;
			defaultConfigurationName = Release;
		};
		EEDA85B6282B40700047F3AC /* Build configuration list for PBXProject "gitignore" */ = {
			isa = XCConfigurationList;
			buildConfigurations = (
				EEDA85C8282B40720047F3AC /* Debug */,
				EEDA85C9282B40720047F3AC /* Release */,
			);
			defaultConfigurationIsVisible = 0;
			defaultConfigurationName = Release;
		};
		EEDA85CA282B40720047F3AC /* Build configuration list for PBXNativeTarget "gitignore" */ = {
			isa = XCConfigurationList;
			buildConfigurations = (
				EEDA85CB282B40720047F3AC /* Debug */,
				EEDA85CC282B40720047F3AC /* Release */,
			);
			defaultConfigurationIsVisible = 0;
			defaultConfigurationName = Release;
		};
/* End XCConfigurationList section */

/* Begin XCRemoteSwiftPackageReference section */
		EE5AAF96283FA56400E8255C /* XCRemoteSwiftPackageReference "swift-composable-architecture" */ = {
			isa = XCRemoteSwiftPackageReference;
			repositoryURL = "https://github.com/pointfreeco/swift-composable-architecture.git";
			requirement = {
				branch = main;
				kind = branch;
			};
		};
		EE5AAF99283FA57600E8255C /* XCRemoteSwiftPackageReference "Swinject" */ = {
			isa = XCRemoteSwiftPackageReference;
			repositoryURL = "https://github.com/Swinject/Swinject.git";
			requirement = {
				branch = master;
				kind = branch;
			};
		};
/* End XCRemoteSwiftPackageReference section */

/* Begin XCSwiftPackageProductDependency section */
		EE5AAF97283FA56400E8255C /* ComposableArchitecture */ = {
			isa = XCSwiftPackageProductDependency;
			package = EE5AAF96283FA56400E8255C /* XCRemoteSwiftPackageReference "swift-composable-architecture" */;
			productName = ComposableArchitecture;
		};
		EE5AAF9A283FA57600E8255C /* Swinject */ = {
			isa = XCSwiftPackageProductDependency;
			package = EE5AAF99283FA57600E8255C /* XCRemoteSwiftPackageReference "Swinject" */;
			productName = Swinject;
		};
		EEA395D6283A42BC00A41CC4 /* gitignoreView */ = {
			isa = XCSwiftPackageProductDependency;
			productName = gitignoreView;
		};
		EEA60416282EB4EE00D79666 /* UIUtil */ = {
			isa = XCSwiftPackageProductDependency;
			productName = UIUtil;
		};
		EEA604252830277000D79666 /* FoundationUtil */ = {
			isa = XCSwiftPackageProductDependency;
			productName = FoundationUtil;
		};
		EEA66E5F284075E50095FB9A /* OSLogUtil */ = {
			isa = XCSwiftPackageProductDependency;
			productName = OSLogUtil;
		};
		EEABDA012839F0B400C0F087 /* Effects */ = {
			isa = XCSwiftPackageProductDependency;
			productName = Effects;
		};
/* End XCSwiftPackageProductDependency section */
	};
	rootObject = EEDA85B3282B40700047F3AC /* Project object */;
}
