// !$*UTF8*$!
{
	archiveVersion = 1;
	classes = {
	};
	objectVersion = 55;
	objects = {

/* Begin PBXBuildFile section */
		EE5AAF98283FA56400E8255C /* ComposableArchitecture in Frameworks */ = {isa = PBXBuildFile; productRef = EE5AAF97283FA56400E8255C /* ComposableArchitecture */; };
		EEA3804C285628F20091BA9C /* Localizable.strings in Resources */ = {isa = PBXBuildFile; fileRef = EEC066252855B9A0006D01B5 /* Localizable.strings */; };
		EEA395D4283A418700A41CC4 /* RootFeacture.swift in Sources */ = {isa = PBXBuildFile; fileRef = EEA395D3283A418700A41CC4 /* RootFeacture.swift */; };
		EEA395D7283A42BC00A41CC4 /* gitignoreView in Frameworks */ = {isa = PBXBuildFile; productRef = EEA395D6283A42BC00A41CC4 /* gitignoreView */; };
		EEA60417282EB4EE00D79666 /* UIUtil in Frameworks */ = {isa = PBXBuildFile; productRef = EEA60416282EB4EE00D79666 /* UIUtil */; };
		EEA6041D282FFEF700D79666 /* Network.framework in Frameworks */ = {isa = PBXBuildFile; fileRef = EEA6041C282FFEF700D79666 /* Network.framework */; };
		EEA604262830277000D79666 /* FoundationUtil in Frameworks */ = {isa = PBXBuildFile; productRef = EEA604252830277000D79666 /* FoundationUtil */; };
		EEA66E5E284075590095FB9A /* OSLog.framework in Frameworks */ = {isa = PBXBuildFile; fileRef = EEA66E5D284075590095FB9A /* OSLog.framework */; };
		EEA66E60284075E50095FB9A /* OSLogUtil in Frameworks */ = {isa = PBXBuildFile; productRef = EEA66E5F284075E50095FB9A /* OSLogUtil */; };
		EEB7BE972851EFE900FCC459 /* Realm in Frameworks */ = {isa = PBXBuildFile; productRef = EEB7BE962851EFE900FCC459 /* Realm */; };
		EEB7BE992851EFE900FCC459 /* RealmSwift in Frameworks */ = {isa = PBXBuildFile; productRef = EEB7BE982851EFE900FCC459 /* RealmSwift */; };
		EEB7BE9B28520BB000FCC459 /* gitignoreAPI in Frameworks */ = {isa = PBXBuildFile; productRef = EEB7BE9A28520BB000FCC459 /* gitignoreAPI */; };
		EEB7BE9D28520BB000FCC459 /* gitignoreLocal in Frameworks */ = {isa = PBXBuildFile; productRef = EEB7BE9C28520BB000FCC459 /* gitignoreLocal */; };
		EEBFD72A28530062006D00C3 /* Swinject in Frameworks */ = {isa = PBXBuildFile; productRef = EEBFD72928530062006D00C3 /* Swinject */; };
		EEBFD72C285306A9006D00C3 /* gitignoreService in Frameworks */ = {isa = PBXBuildFile; productRef = EEBFD72B285306A9006D00C3 /* gitignoreService */; };
		EEBFD72F28530731006D00C3 /* ViewAssembly.swift in Sources */ = {isa = PBXBuildFile; fileRef = EEBFD72E28530731006D00C3 /* ViewAssembly.swift */; };
		EEC59ADC28475B73004A2A19 /* gitignoreTests.swift in Sources */ = {isa = PBXBuildFile; fileRef = EEC59ADB28475B73004A2A19 /* gitignoreTests.swift */; };
		EEC59AE928475E72004A2A19 /* gitignoreUITests.swift in Sources */ = {isa = PBXBuildFile; fileRef = EEC59AE828475E72004A2A19 /* gitignoreUITests.swift */; };
		EEC59AEB28475E72004A2A19 /* gitignoreUITestsLaunchTests.swift in Sources */ = {isa = PBXBuildFile; fileRef = EEC59AEA28475E72004A2A19 /* gitignoreUITestsLaunchTests.swift */; };
		EEC59AFD28477C6F004A2A19 /* WaterfallGrid in Frameworks */ = {isa = PBXBuildFile; productRef = EEC59AFC28477C6F004A2A19 /* WaterfallGrid */; };
		EEC59B0528477C9E004A2A19 /* TabbarView.swift in Sources */ = {isa = PBXBuildFile; fileRef = EEC59AFF28477C9E004A2A19 /* TabbarView.swift */; };
		EEC59B0628477C9E004A2A19 /* TabButton.swift in Sources */ = {isa = PBXBuildFile; fileRef = EEC59B0328477C9E004A2A19 /* TabButton.swift */; };
		EEC59B0728477C9E004A2A19 /* TabbarFeacture.swift in Sources */ = {isa = PBXBuildFile; fileRef = EEC59B0428477C9E004A2A19 /* TabbarFeacture.swift */; };
		EECA500928551E99005F57F4 /* gitignoreList in Frameworks */ = {isa = PBXBuildFile; productRef = EECA500828551E99005F57F4 /* gitignoreList */; };
		EECA500B28551E99005F57F4 /* gitignoreMain in Frameworks */ = {isa = PBXBuildFile; productRef = EECA500A28551E99005F57F4 /* gitignoreMain */; };
		EED2E753283343E10040C83A /* RootView.swift in Sources */ = {isa = PBXBuildFile; fileRef = EED2E752283343E10040C83A /* RootView.swift */; };
		EEDA85BF282B40700047F3AC /* gitignoreApp.swift in Sources */ = {isa = PBXBuildFile; fileRef = EEDA85BE282B40700047F3AC /* gitignoreApp.swift */; };
		EEDA85C3282B40720047F3AC /* Assets.xcassets in Resources */ = {isa = PBXBuildFile; fileRef = EEDA85C2282B40720047F3AC /* Assets.xcassets */; };
		EEDA85C6282B40720047F3AC /* Preview Assets.xcassets in Resources */ = {isa = PBXBuildFile; fileRef = EEDA85C5282B40720047F3AC /* Preview Assets.xcassets */; };
/* End PBXBuildFile section */

/* Begin PBXContainerItemProxy section */
		EEC59ADD28475B73004A2A19 /* PBXContainerItemProxy */ = {
			isa = PBXContainerItemProxy;
			containerPortal = EEDA85B3282B40700047F3AC /* Project object */;
			proxyType = 1;
			remoteGlobalIDString = EEDA85BA282B40700047F3AC;
			remoteInfo = gitignore;
		};
		EEC59AEC28475E72004A2A19 /* PBXContainerItemProxy */ = {
			isa = PBXContainerItemProxy;
			containerPortal = EEDA85B3282B40700047F3AC /* Project object */;
			proxyType = 1;
			remoteGlobalIDString = EEDA85BA282B40700047F3AC;
			remoteInfo = gitignore;
		};
/* End PBXContainerItemProxy section */

/* Begin PBXCopyFilesBuildPhase section */
		EEE7A6C128447F6C004228EE /* Embed App Extensions */ = {
			isa = PBXCopyFilesBuildPhase;
			buildActionMask = 2147483647;
			dstPath = "";
			dstSubfolderSpec = 13;
			files = (
			);
			name = "Embed App Extensions";
			runOnlyForDeploymentPostprocessing = 0;
		};
/* End PBXCopyFilesBuildPhase section */

/* Begin PBXFileReference section */
		EEA243FB2848606D000486F2 /* gitignoreDebug.entitlements */ = {isa = PBXFileReference; lastKnownFileType = text.plist.entitlements; name = gitignoreDebug.entitlements; path = gitignore/Supporting/gitignoreDebug.entitlements; sourceTree = SOURCE_ROOT; };
		EEA395D3283A418700A41CC4 /* RootFeacture.swift */ = {isa = PBXFileReference; lastKnownFileType = sourcecode.swift; path = RootFeacture.swift; sourceTree = "<group>"; };
		EEA60414282EB3DA00D79666 /* Platform */ = {isa = PBXFileReference; lastKnownFileType = wrapper; path = Platform; sourceTree = "<group>"; };
		EEA6041C282FFEF700D79666 /* Network.framework */ = {isa = PBXFileReference; lastKnownFileType = wrapper.framework; name = Network.framework; path = System/Library/Frameworks/Network.framework; sourceTree = SDKROOT; };
		EEA66E5D284075590095FB9A /* OSLog.framework */ = {isa = PBXFileReference; lastKnownFileType = wrapper.framework; name = OSLog.framework; path = System/Library/Frameworks/OSLog.framework; sourceTree = SDKROOT; };
		EEBFD72E28530731006D00C3 /* ViewAssembly.swift */ = {isa = PBXFileReference; lastKnownFileType = sourcecode.swift; path = ViewAssembly.swift; sourceTree = "<group>"; };
		EEC066242855B9A0006D01B5 /* ja */ = {isa = PBXFileReference; lastKnownFileType = text.plist.strings; name = ja; path = ja.lproj/Localizable.strings; sourceTree = "<group>"; };
		EEC066262855C9CC006D01B5 /* en */ = {isa = PBXFileReference; lastKnownFileType = text.plist.strings; name = en; path = en.lproj/Localizable.strings; sourceTree = "<group>"; };
		EEC066272855C9CD006D01B5 /* ko */ = {isa = PBXFileReference; lastKnownFileType = text.plist.strings; name = ko; path = ko.lproj/Localizable.strings; sourceTree = "<group>"; };
		EEC59AD928475B73004A2A19 /* gitignoreTests.xctest */ = {isa = PBXFileReference; explicitFileType = wrapper.cfbundle; includeInIndex = 0; path = gitignoreTests.xctest; sourceTree = BUILT_PRODUCTS_DIR; };
		EEC59ADB28475B73004A2A19 /* gitignoreTests.swift */ = {isa = PBXFileReference; lastKnownFileType = sourcecode.swift; path = gitignoreTests.swift; sourceTree = "<group>"; };
		EEC59AE628475E72004A2A19 /* gitignoreUITests.xctest */ = {isa = PBXFileReference; explicitFileType = wrapper.cfbundle; includeInIndex = 0; path = gitignoreUITests.xctest; sourceTree = BUILT_PRODUCTS_DIR; };
		EEC59AE828475E72004A2A19 /* gitignoreUITests.swift */ = {isa = PBXFileReference; lastKnownFileType = sourcecode.swift; path = gitignoreUITests.swift; sourceTree = "<group>"; };
		EEC59AEA28475E72004A2A19 /* gitignoreUITestsLaunchTests.swift */ = {isa = PBXFileReference; lastKnownFileType = sourcecode.swift; path = gitignoreUITestsLaunchTests.swift; sourceTree = "<group>"; };
		EEC59AF4284770C8004A2A19 /* Service */ = {isa = PBXFileReference; lastKnownFileType = wrapper; path = Service; sourceTree = "<group>"; };
		EEC59AFF28477C9E004A2A19 /* TabbarView.swift */ = {isa = PBXFileReference; fileEncoding = 4; lastKnownFileType = sourcecode.swift; path = TabbarView.swift; sourceTree = "<group>"; };
		EEC59B0328477C9E004A2A19 /* TabButton.swift */ = {isa = PBXFileReference; fileEncoding = 4; lastKnownFileType = sourcecode.swift; path = TabButton.swift; sourceTree = "<group>"; };
		EEC59B0428477C9E004A2A19 /* TabbarFeacture.swift */ = {isa = PBXFileReference; fileEncoding = 4; lastKnownFileType = sourcecode.swift; path = TabbarFeacture.swift; sourceTree = "<group>"; };
		EECA4FEA285512D5005F57F4 /* GitignoreMain */ = {isa = PBXFileReference; lastKnownFileType = wrapper; path = GitignoreMain; sourceTree = "<group>"; };
		EECA4FEB285512E6005F57F4 /* GitignoreList */ = {isa = PBXFileReference; lastKnownFileType = wrapper; path = GitignoreList; sourceTree = "<group>"; };
		EED2E752283343E10040C83A /* RootView.swift */ = {isa = PBXFileReference; lastKnownFileType = sourcecode.swift; path = RootView.swift; sourceTree = "<group>"; };
		EEDA85BB282B40700047F3AC /* gitignore.app */ = {isa = PBXFileReference; explicitFileType = wrapper.application; includeInIndex = 0; path = gitignore.app; sourceTree = BUILT_PRODUCTS_DIR; };
		EEDA85BE282B40700047F3AC /* gitignoreApp.swift */ = {isa = PBXFileReference; lastKnownFileType = sourcecode.swift; path = gitignoreApp.swift; sourceTree = "<group>"; };
		EEDA85C2282B40720047F3AC /* Assets.xcassets */ = {isa = PBXFileReference; lastKnownFileType = folder.assetcatalog; path = Assets.xcassets; sourceTree = "<group>"; };
		EEDA85C5282B40720047F3AC /* Preview Assets.xcassets */ = {isa = PBXFileReference; lastKnownFileType = folder.assetcatalog; path = "Preview Assets.xcassets"; sourceTree = "<group>"; };
		EEDA85C7282B40720047F3AC /* gitignore.entitlements */ = {isa = PBXFileReference; lastKnownFileType = text.plist.entitlements; name = gitignore.entitlements; path = gitignore/Supporting/gitignore.entitlements; sourceTree = SOURCE_ROOT; };
		EEE7A6B028447F6C004228EE /* Cocoa.framework */ = {isa = PBXFileReference; lastKnownFileType = wrapper.framework; name = Cocoa.framework; path = System/Library/Frameworks/Cocoa.framework; sourceTree = SDKROOT; };
		EEE7A6B228447F6C004228EE /* XcodeKit.framework */ = {isa = PBXFileReference; lastKnownFileType = wrapper.framework; name = XcodeKit.framework; path = Library/Frameworks/XcodeKit.framework; sourceTree = DEVELOPER_DIR; };
/* End PBXFileReference section */

/* Begin PBXFrameworksBuildPhase section */
		EEC59AD628475B73004A2A19 /* Frameworks */ = {
			isa = PBXFrameworksBuildPhase;
			buildActionMask = 2147483647;
			files = (
			);
			runOnlyForDeploymentPostprocessing = 0;
		};
		EEC59AE328475E72004A2A19 /* Frameworks */ = {
			isa = PBXFrameworksBuildPhase;
			buildActionMask = 2147483647;
			files = (
			);
			runOnlyForDeploymentPostprocessing = 0;
		};
		EEDA85B8282B40700047F3AC /* Frameworks */ = {
			isa = PBXFrameworksBuildPhase;
			buildActionMask = 2147483647;
			files = (
				EEA66E5E284075590095FB9A /* OSLog.framework in Frameworks */,
				EECA500928551E99005F57F4 /* gitignoreList in Frameworks */,
				EEBFD72C285306A9006D00C3 /* gitignoreService in Frameworks */,
				EEB7BE9D28520BB000FCC459 /* gitignoreLocal in Frameworks */,
				EECA500B28551E99005F57F4 /* gitignoreMain in Frameworks */,
				EEB7BE992851EFE900FCC459 /* RealmSwift in Frameworks */,
				EEA60417282EB4EE00D79666 /* UIUtil in Frameworks */,
				EE5AAF98283FA56400E8255C /* ComposableArchitecture in Frameworks */,
				EEA395D7283A42BC00A41CC4 /* gitignoreView in Frameworks */,
				EEA604262830277000D79666 /* FoundationUtil in Frameworks */,
				EEA66E60284075E50095FB9A /* OSLogUtil in Frameworks */,
				EEB7BE9B28520BB000FCC459 /* gitignoreAPI in Frameworks */,
				EEA6041D282FFEF700D79666 /* Network.framework in Frameworks */,
				EEC59AFD28477C6F004A2A19 /* WaterfallGrid in Frameworks */,
				EEB7BE972851EFE900FCC459 /* Realm in Frameworks */,
				EEBFD72A28530062006D00C3 /* Swinject in Frameworks */,
			);
			runOnlyForDeploymentPostprocessing = 0;
		};
/* End PBXFrameworksBuildPhase section */

/* Begin PBXGroup section */
		EE2A4E4C2856B572001B4E36 /* Localization */ = {
			isa = PBXGroup;
			children = (
				EEC066252855B9A0006D01B5 /* Localizable.strings */,
			);
			path = Localization;
			sourceTree = "<group>";
		};
		EE841F3E284241B40070EAAC /* App */ = {
			isa = PBXGroup;
			children = (
				EEA66E6128407A8B0095FB9A /* DI */,
				EEDA85BE282B40700047F3AC /* gitignoreApp.swift */,
			);
			path = App;
			sourceTree = "<group>";
		};
		EEA395D2283A417000A41CC4 /* Root */ = {
			isa = PBXGroup;
			children = (
				EED2E752283343E10040C83A /* RootView.swift */,
				EEA395D3283A418700A41CC4 /* RootFeacture.swift */,
			);
			path = Root;
			sourceTree = "<group>";
		};
		EEA60415282EB4EE00D79666 /* Frameworks */ = {
			isa = PBXGroup;
			children = (
				EEA66E5D284075590095FB9A /* OSLog.framework */,
				EEA6041C282FFEF700D79666 /* Network.framework */,
				EEE7A6B028447F6C004228EE /* Cocoa.framework */,
				EEE7A6B228447F6C004228EE /* XcodeKit.framework */,
			);
			name = Frameworks;
			sourceTree = "<group>";
		};
		EEA66E6128407A8B0095FB9A /* DI */ = {
			isa = PBXGroup;
			children = (
				EEBFD72D2853071F006D00C3 /* Assembly */,
			);
			path = DI;
			sourceTree = "<group>";
		};
		EEBFD72D2853071F006D00C3 /* Assembly */ = {
			isa = PBXGroup;
			children = (
				EEBFD72E28530731006D00C3 /* ViewAssembly.swift */,
			);
			path = Assembly;
			sourceTree = "<group>";
		};
		EEC59ADA28475B73004A2A19 /* gitignoreTests */ = {
			isa = PBXGroup;
			children = (
				EEC59ADB28475B73004A2A19 /* gitignoreTests.swift */,
			);
			path = gitignoreTests;
			sourceTree = "<group>";
		};
		EEC59AE728475E72004A2A19 /* gitignoreUITests */ = {
			isa = PBXGroup;
			children = (
				EEC59AE828475E72004A2A19 /* gitignoreUITests.swift */,
				EEC59AEA28475E72004A2A19 /* gitignoreUITestsLaunchTests.swift */,
			);
			path = gitignoreUITests;
			sourceTree = "<group>";
		};
		EEC59AFE28477C9E004A2A19 /* Tabbar */ = {
			isa = PBXGroup;
			children = (
				EE2A4E4C2856B572001B4E36 /* Localization */,
				EEC59B0028477C9E004A2A19 /* View */,
				EEC59AFF28477C9E004A2A19 /* TabbarView.swift */,
				EEC59B0428477C9E004A2A19 /* TabbarFeacture.swift */,
			);
			path = Tabbar;
			sourceTree = "<group>";
		};
		EEC59B0028477C9E004A2A19 /* View */ = {
			isa = PBXGroup;
			children = (
				EEC59B0128477C9E004A2A19 /* CustomNavigationView */,
			);
			path = View;
			sourceTree = "<group>";
		};
		EEC59B0128477C9E004A2A19 /* CustomNavigationView */ = {
			isa = PBXGroup;
			children = (
				EEC59B0228477C9E004A2A19 /* Button */,
			);
			path = CustomNavigationView;
			sourceTree = "<group>";
		};
		EEC59B0228477C9E004A2A19 /* Button */ = {
			isa = PBXGroup;
			children = (
				EEC59B0328477C9E004A2A19 /* TabButton.swift */,
			);
			path = Button;
			sourceTree = "<group>";
		};
		EEDA85B2282B40700047F3AC = {
			isa = PBXGroup;
			children = (
				EECA4FEB285512E6005F57F4 /* GitignoreList */,
				EECA4FEA285512D5005F57F4 /* GitignoreMain */,
				EEC59AF4284770C8004A2A19 /* Service */,
				EEA60414282EB3DA00D79666 /* Platform */,
				EEDA85BD282B40700047F3AC /* gitignore */,
				EEC59ADA28475B73004A2A19 /* gitignoreTests */,
				EEC59AE728475E72004A2A19 /* gitignoreUITests */,
				EEDA85BC282B40700047F3AC /* Products */,
				EEA60415282EB4EE00D79666 /* Frameworks */,
			);
			sourceTree = "<group>";
		};
		EEDA85BC282B40700047F3AC /* Products */ = {
			isa = PBXGroup;
			children = (
				EEDA85BB282B40700047F3AC /* gitignore.app */,
				EEC59AD928475B73004A2A19 /* gitignoreTests.xctest */,
				EEC59AE628475E72004A2A19 /* gitignoreUITests.xctest */,
			);
			name = Products;
			sourceTree = "<group>";
		};
		EEDA85BD282B40700047F3AC /* gitignore */ = {
			isa = PBXGroup;
			children = (
				EEDE5B4A282B5EC400C0ADBA /* Supporting */,
				EEDE5B49282B5EB800C0ADBA /* Resources */,
				EEDE5B48282B5EAF00C0ADBA /* Sources */,
			);
			path = gitignore;
			sourceTree = "<group>";
		};
		EEDA85C4282B40720047F3AC /* Preview Content */ = {
			isa = PBXGroup;
			children = (
				EEDA85C5282B40720047F3AC /* Preview Assets.xcassets */,
			);
			name = "Preview Content";
			path = "gitignore/Resources/Preview Content";
			sourceTree = SOURCE_ROOT;
		};
		EEDE5B48282B5EAF00C0ADBA /* Sources */ = {
			isa = PBXGroup;
			children = (
				EE841F3E284241B40070EAAC /* App */,
				EEA395D2283A417000A41CC4 /* Root */,
				EEC59AFE28477C9E004A2A19 /* Tabbar */,
			);
			path = Sources;
			sourceTree = "<group>";
		};
		EEDE5B49282B5EB800C0ADBA /* Resources */ = {
			isa = PBXGroup;
			children = (
				EEDA85C4282B40720047F3AC /* Preview Content */,
				EEDA85C2282B40720047F3AC /* Assets.xcassets */,
			);
			path = Resources;
			sourceTree = "<group>";
		};
		EEDE5B4A282B5EC400C0ADBA /* Supporting */ = {
			isa = PBXGroup;
			children = (
				EEA243FB2848606D000486F2 /* gitignoreDebug.entitlements */,
				EEDA85C7282B40720047F3AC /* gitignore.entitlements */,
			);
			path = Supporting;
			sourceTree = "<group>";
		};
/* End PBXGroup section */

/* Begin PBXNativeTarget section */
		EEC59AD828475B73004A2A19 /* gitignoreTests */ = {
			isa = PBXNativeTarget;
			buildConfigurationList = EEC59AE128475B73004A2A19 /* Build configuration list for PBXNativeTarget "gitignoreTests" */;
			buildPhases = (
				EEC59AD528475B73004A2A19 /* Sources */,
				EEC59AD628475B73004A2A19 /* Frameworks */,
				EEC59AD728475B73004A2A19 /* Resources */,
			);
			buildRules = (
			);
			dependencies = (
				EEC59ADE28475B73004A2A19 /* PBXTargetDependency */,
			);
			name = gitignoreTests;
			productName = gitignoreTests;
			productReference = EEC59AD928475B73004A2A19 /* gitignoreTests.xctest */;
			productType = "com.apple.product-type.bundle.unit-test";
		};
		EEC59AE528475E72004A2A19 /* gitignoreUITests */ = {
			isa = PBXNativeTarget;
			buildConfigurationList = EEC59AEE28475E72004A2A19 /* Build configuration list for PBXNativeTarget "gitignoreUITests" */;
			buildPhases = (
				EEC59AE228475E72004A2A19 /* Sources */,
				EEC59AE328475E72004A2A19 /* Frameworks */,
				EEC59AE428475E72004A2A19 /* Resources */,
			);
			buildRules = (
			);
			dependencies = (
				EEC59AED28475E72004A2A19 /* PBXTargetDependency */,
			);
			name = gitignoreUITests;
			productName = gitignoreUITests;
			productReference = EEC59AE628475E72004A2A19 /* gitignoreUITests.xctest */;
			productType = "com.apple.product-type.bundle.ui-testing";
		};
		EEDA85BA282B40700047F3AC /* gitignore */ = {
			isa = PBXNativeTarget;
			buildConfigurationList = EEDA85CA282B40720047F3AC /* Build configuration list for PBXNativeTarget "gitignore" */;
			buildPhases = (
				EEDA85B7282B40700047F3AC /* Sources */,
				EEDA85B8282B40700047F3AC /* Frameworks */,
				EEDA85B9282B40700047F3AC /* Resources */,
				EEE7A6C128447F6C004228EE /* Embed App Extensions */,
			);
			buildRules = (
			);
			dependencies = (
			);
			name = gitignore;
			packageProductDependencies = (
				EEA60416282EB4EE00D79666 /* UIUtil */,
				EEA604252830277000D79666 /* FoundationUtil */,
				EEA395D6283A42BC00A41CC4 /* gitignoreView */,
				EE5AAF97283FA56400E8255C /* ComposableArchitecture */,
				EEA66E5F284075E50095FB9A /* OSLogUtil */,
				EEC59AFC28477C6F004A2A19 /* WaterfallGrid */,
				EEB7BE962851EFE900FCC459 /* Realm */,
				EEB7BE982851EFE900FCC459 /* RealmSwift */,
				EEB7BE9A28520BB000FCC459 /* gitignoreAPI */,
				EEB7BE9C28520BB000FCC459 /* gitignoreLocal */,
				EEBFD72928530062006D00C3 /* Swinject */,
				EEBFD72B285306A9006D00C3 /* gitignoreService */,
				EECA500828551E99005F57F4 /* gitignoreList */,
				EECA500A28551E99005F57F4 /* gitignoreMain */,
			);
			productName = gitignore;
			productReference = EEDA85BB282B40700047F3AC /* gitignore.app */;
			productType = "com.apple.product-type.application";
		};
/* End PBXNativeTarget section */

/* Begin PBXProject section */
		EEDA85B3282B40700047F3AC /* Project object */ = {
			isa = PBXProject;
			attributes = {
				BuildIndependentTargetsInParallel = 1;
				LastSwiftUpdateCheck = 1340;
				LastUpgradeCheck = 1340;
				TargetAttributes = {
					EEC59AD828475B73004A2A19 = {
						CreatedOnToolsVersion = 13.4;
						TestTargetID = EEDA85BA282B40700047F3AC;
					};
					EEC59AE528475E72004A2A19 = {
						CreatedOnToolsVersion = 13.4;
						TestTargetID = EEDA85BA282B40700047F3AC;
					};
					EEDA85BA282B40700047F3AC = {
						CreatedOnToolsVersion = 13.3.1;
					};
				};
			};
			buildConfigurationList = EEDA85B6282B40700047F3AC /* Build configuration list for PBXProject "gitignore" */;
			compatibilityVersion = "Xcode 13.0";
			developmentRegion = en;
			hasScannedForEncodings = 0;
			knownRegions = (
				en,
				Base,
				ja,
				ko,
			);
			mainGroup = EEDA85B2282B40700047F3AC;
			packageReferences = (
				EE5AAF96283FA56400E8255C /* XCRemoteSwiftPackageReference "swift-composable-architecture" */,
				EEB7BE952851EFE900FCC459 /* XCRemoteSwiftPackageReference "realm-swift" */,
				EEBFD72828530062006D00C3 /* XCRemoteSwiftPackageReference "Swinject" */,
			);
			productRefGroup = EEDA85BC282B40700047F3AC /* Products */;
			projectDirPath = "";
			projectRoot = "";
			targets = (
				EEDA85BA282B40700047F3AC /* gitignore */,
				EEC59AD828475B73004A2A19 /* gitignoreTests */,
				EEC59AE528475E72004A2A19 /* gitignoreUITests */,
			);
		};
/* End PBXProject section */

/* Begin PBXResourcesBuildPhase section */
		EEC59AD728475B73004A2A19 /* Resources */ = {
			isa = PBXResourcesBuildPhase;
			buildActionMask = 2147483647;
			files = (
			);
			runOnlyForDeploymentPostprocessing = 0;
		};
		EEC59AE428475E72004A2A19 /* Resources */ = {
			isa = PBXResourcesBuildPhase;
			buildActionMask = 2147483647;
			files = (
			);
			runOnlyForDeploymentPostprocessing = 0;
		};
		EEDA85B9282B40700047F3AC /* Resources */ = {
			isa = PBXResourcesBuildPhase;
			buildActionMask = 2147483647;
			files = (
				EEDA85C6282B40720047F3AC /* Preview Assets.xcassets in Resources */,
				EEA3804C285628F20091BA9C /* Localizable.strings in Resources */,
				EEDA85C3282B40720047F3AC /* Assets.xcassets in Resources */,
			);
			runOnlyForDeploymentPostprocessing = 0;
		};
/* End PBXResourcesBuildPhase section */

/* Begin PBXSourcesBuildPhase section */
		EEC59AD528475B73004A2A19 /* Sources */ = {
			isa = PBXSourcesBuildPhase;
			buildActionMask = 2147483647;
			files = (
				EEC59ADC28475B73004A2A19 /* gitignoreTests.swift in Sources */,
			);
			runOnlyForDeploymentPostprocessing = 0;
		};
		EEC59AE228475E72004A2A19 /* Sources */ = {
			isa = PBXSourcesBuildPhase;
			buildActionMask = 2147483647;
			files = (
				EEC59AE928475E72004A2A19 /* gitignoreUITests.swift in Sources */,
				EEC59AEB28475E72004A2A19 /* gitignoreUITestsLaunchTests.swift in Sources */,
			);
			runOnlyForDeploymentPostprocessing = 0;
		};
		EEDA85B7282B40700047F3AC /* Sources */ = {
			isa = PBXSourcesBuildPhase;
			buildActionMask = 2147483647;
			files = (
				EEBFD72F28530731006D00C3 /* ViewAssembly.swift in Sources */,
				EED2E753283343E10040C83A /* RootView.swift in Sources */,
				EEDA85BF282B40700047F3AC /* gitignoreApp.swift in Sources */,
				EEA395D4283A418700A41CC4 /* RootFeacture.swift in Sources */,
				EEC59B0728477C9E004A2A19 /* TabbarFeacture.swift in Sources */,
				EEC59B0528477C9E004A2A19 /* TabbarView.swift in Sources */,
				EEC59B0628477C9E004A2A19 /* TabButton.swift in Sources */,
			);
			runOnlyForDeploymentPostprocessing = 0;
		};
/* End PBXSourcesBuildPhase section */

/* Begin PBXTargetDependency section */
		EEC59ADE28475B73004A2A19 /* PBXTargetDependency */ = {
			isa = PBXTargetDependency;
			target = EEDA85BA282B40700047F3AC /* gitignore */;
			targetProxy = EEC59ADD28475B73004A2A19 /* PBXContainerItemProxy */;
		};
		EEC59AED28475E72004A2A19 /* PBXTargetDependency */ = {
			isa = PBXTargetDependency;
			target = EEDA85BA282B40700047F3AC /* gitignore */;
			targetProxy = EEC59AEC28475E72004A2A19 /* PBXContainerItemProxy */;
		};
/* End PBXTargetDependency section */

/* Begin PBXVariantGroup section */
		EEC066252855B9A0006D01B5 /* Localizable.strings */ = {
			isa = PBXVariantGroup;
			children = (
				EEC066242855B9A0006D01B5 /* ja */,
				EEC066262855C9CC006D01B5 /* en */,
				EEC066272855C9CD006D01B5 /* ko */,
			);
			name = Localizable.strings;
			sourceTree = "<group>";
		};
/* End PBXVariantGroup section */

/* Begin XCBuildConfiguration section */
		EEC59ADF28475B73004A2A19 /* Debug */ = {
			isa = XCBuildConfiguration;
			buildSettings = {
				BUNDLE_LOADER = "$(TEST_HOST)";
				CODE_SIGN_STYLE = Automatic;
				CURRENT_PROJECT_VERSION = 1;
				DEVELOPMENT_TEAM = Q2JZBR7H7Y;
				GENERATE_INFOPLIST_FILE = YES;
				MARKETING_VERSION = 1.0;
				PRODUCT_BUNDLE_IDENTIFIER = JiHoonAHN.gitignoreTests;
				PRODUCT_NAME = "$(TARGET_NAME)";
				SWIFT_EMIT_LOC_STRINGS = NO;
				SWIFT_VERSION = 5.0;
				TEST_HOST = "$(BUILT_PRODUCTS_DIR)/gitignore.app/Contents/MacOS/gitignore";
			};
			name = Debug;
		};
		EEC59AE028475B73004A2A19 /* Release */ = {
			isa = XCBuildConfiguration;
			buildSettings = {
				BUNDLE_LOADER = "$(TEST_HOST)";
				CODE_SIGN_STYLE = Automatic;
				CURRENT_PROJECT_VERSION = 1;
				DEVELOPMENT_TEAM = Q2JZBR7H7Y;
				GENERATE_INFOPLIST_FILE = YES;
				MARKETING_VERSION = 1.0;
				PRODUCT_BUNDLE_IDENTIFIER = JiHoonAHN.gitignoreTests;
				PRODUCT_NAME = "$(TARGET_NAME)";
				SWIFT_EMIT_LOC_STRINGS = NO;
				SWIFT_VERSION = 5.0;
				TEST_HOST = "$(BUILT_PRODUCTS_DIR)/gitignore.app/Contents/MacOS/gitignore";
			};
			name = Release;
		};
		EEC59AEF28475E72004A2A19 /* Debug */ = {
			isa = XCBuildConfiguration;
			buildSettings = {
				CODE_SIGN_STYLE = Automatic;
				CURRENT_PROJECT_VERSION = 1;
				DEVELOPMENT_TEAM = Q2JZBR7H7Y;
				GENERATE_INFOPLIST_FILE = YES;
				MARKETING_VERSION = 1.0;
				PRODUCT_BUNDLE_IDENTIFIER = JiHoonAHN.gitignoreUITests;
				PRODUCT_NAME = "$(TARGET_NAME)";
				SWIFT_EMIT_LOC_STRINGS = NO;
				SWIFT_VERSION = 5.0;
				TEST_TARGET_NAME = gitignore;
			};
			name = Debug;
		};
		EEC59AF028475E72004A2A19 /* Release */ = {
			isa = XCBuildConfiguration;
			buildSettings = {
				CODE_SIGN_STYLE = Automatic;
				CURRENT_PROJECT_VERSION = 1;
				DEVELOPMENT_TEAM = Q2JZBR7H7Y;
				GENERATE_INFOPLIST_FILE = YES;
				MARKETING_VERSION = 1.0;
				PRODUCT_BUNDLE_IDENTIFIER = JiHoonAHN.gitignoreUITests;
				PRODUCT_NAME = "$(TARGET_NAME)";
				SWIFT_EMIT_LOC_STRINGS = NO;
				SWIFT_VERSION = 5.0;
				TEST_TARGET_NAME = gitignore;
			};
			name = Release;
		};
		EEDA85C8282B40720047F3AC /* Debug */ = {
			isa = XCBuildConfiguration;
			buildSettings = {
				ALWAYS_SEARCH_USER_PATHS = NO;
				CLANG_ANALYZER_LOCALIZABILITY_NONLOCALIZED = YES;
				CLANG_ANALYZER_NONNULL = YES;
				CLANG_ANALYZER_NUMBER_OBJECT_CONVERSION = YES_AGGRESSIVE;
				CLANG_CXX_LANGUAGE_STANDARD = "gnu++17";
				CLANG_ENABLE_MODULES = YES;
				CLANG_ENABLE_OBJC_ARC = YES;
				CLANG_ENABLE_OBJC_WEAK = YES;
				CLANG_WARN_BLOCK_CAPTURE_AUTORELEASING = YES;
				CLANG_WARN_BOOL_CONVERSION = YES;
				CLANG_WARN_COMMA = YES;
				CLANG_WARN_CONSTANT_CONVERSION = YES;
				CLANG_WARN_DEPRECATED_OBJC_IMPLEMENTATIONS = YES;
				CLANG_WARN_DIRECT_OBJC_ISA_USAGE = YES_ERROR;
				CLANG_WARN_DOCUMENTATION_COMMENTS = YES;
				CLANG_WARN_EMPTY_BODY = YES;
				CLANG_WARN_ENUM_CONVERSION = YES;
				CLANG_WARN_INFINITE_RECURSION = YES;
				CLANG_WARN_INT_CONVERSION = YES;
				CLANG_WARN_NON_LITERAL_NULL_CONVERSION = YES;
				CLANG_WARN_OBJC_IMPLICIT_RETAIN_SELF = YES;
				CLANG_WARN_OBJC_LITERAL_CONVERSION = YES;
				CLANG_WARN_OBJC_ROOT_CLASS = YES_ERROR;
				CLANG_WARN_QUOTED_INCLUDE_IN_FRAMEWORK_HEADER = YES;
				CLANG_WARN_RANGE_LOOP_ANALYSIS = YES;
				CLANG_WARN_STRICT_PROTOTYPES = YES;
				CLANG_WARN_SUSPICIOUS_MOVE = YES;
				CLANG_WARN_UNGUARDED_AVAILABILITY = YES_AGGRESSIVE;
				CLANG_WARN_UNREACHABLE_CODE = YES;
				CLANG_WARN__DUPLICATE_METHOD_MATCH = YES;
				COPY_PHASE_STRIP = NO;
				DEBUG_INFORMATION_FORMAT = dwarf;
				ENABLE_STRICT_OBJC_MSGSEND = YES;
				ENABLE_TESTABILITY = YES;
				GCC_C_LANGUAGE_STANDARD = gnu11;
				GCC_DYNAMIC_NO_PIC = NO;
				GCC_NO_COMMON_BLOCKS = YES;
				GCC_OPTIMIZATION_LEVEL = 0;
				GCC_PREPROCESSOR_DEFINITIONS = (
					"DEBUG=1",
					"$(inherited)",
				);
				GCC_WARN_64_TO_32_BIT_CONVERSION = YES;
				GCC_WARN_ABOUT_RETURN_TYPE = YES_ERROR;
				GCC_WARN_UNDECLARED_SELECTOR = YES;
				GCC_WARN_UNINITIALIZED_AUTOS = YES_AGGRESSIVE;
				GCC_WARN_UNUSED_FUNCTION = YES;
				GCC_WARN_UNUSED_VARIABLE = YES;
				MACOSX_DEPLOYMENT_TARGET = 12.3;
				MTL_ENABLE_DEBUG_INFO = INCLUDE_SOURCE;
				MTL_FAST_MATH = YES;
				ONLY_ACTIVE_ARCH = YES;
				SDKROOT = macosx;
				SWIFT_ACTIVE_COMPILATION_CONDITIONS = DEBUG;
				SWIFT_OPTIMIZATION_LEVEL = "-Onone";
			};
			name = Debug;
		};
		EEDA85C9282B40720047F3AC /* Release */ = {
			isa = XCBuildConfiguration;
			buildSettings = {
				ALWAYS_SEARCH_USER_PATHS = NO;
				CLANG_ANALYZER_LOCALIZABILITY_NONLOCALIZED = YES;
				CLANG_ANALYZER_NONNULL = YES;
				CLANG_ANALYZER_NUMBER_OBJECT_CONVERSION = YES_AGGRESSIVE;
				CLANG_CXX_LANGUAGE_STANDARD = "gnu++17";
				CLANG_ENABLE_MODULES = YES;
				CLANG_ENABLE_OBJC_ARC = YES;
				CLANG_ENABLE_OBJC_WEAK = YES;
				CLANG_WARN_BLOCK_CAPTURE_AUTORELEASING = YES;
				CLANG_WARN_BOOL_CONVERSION = YES;
				CLANG_WARN_COMMA = YES;
				CLANG_WARN_CONSTANT_CONVERSION = YES;
				CLANG_WARN_DEPRECATED_OBJC_IMPLEMENTATIONS = YES;
				CLANG_WARN_DIRECT_OBJC_ISA_USAGE = YES_ERROR;
				CLANG_WARN_DOCUMENTATION_COMMENTS = YES;
				CLANG_WARN_EMPTY_BODY = YES;
				CLANG_WARN_ENUM_CONVERSION = YES;
				CLANG_WARN_INFINITE_RECURSION = YES;
				CLANG_WARN_INT_CONVERSION = YES;
				CLANG_WARN_NON_LITERAL_NULL_CONVERSION = YES;
				CLANG_WARN_OBJC_IMPLICIT_RETAIN_SELF = YES;
				CLANG_WARN_OBJC_LITERAL_CONVERSION = YES;
				CLANG_WARN_OBJC_ROOT_CLASS = YES_ERROR;
				CLANG_WARN_QUOTED_INCLUDE_IN_FRAMEWORK_HEADER = YES;
				CLANG_WARN_RANGE_LOOP_ANALYSIS = YES;
				CLANG_WARN_STRICT_PROTOTYPES = YES;
				CLANG_WARN_SUSPICIOUS_MOVE = YES;
				CLANG_WARN_UNGUARDED_AVAILABILITY = YES_AGGRESSIVE;
				CLANG_WARN_UNREACHABLE_CODE = YES;
				CLANG_WARN__DUPLICATE_METHOD_MATCH = YES;
				COPY_PHASE_STRIP = NO;
				DEBUG_INFORMATION_FORMAT = "dwarf-with-dsym";
				ENABLE_NS_ASSERTIONS = NO;
				ENABLE_STRICT_OBJC_MSGSEND = YES;
				GCC_C_LANGUAGE_STANDARD = gnu11;
				GCC_NO_COMMON_BLOCKS = YES;
				GCC_WARN_64_TO_32_BIT_CONVERSION = YES;
				GCC_WARN_ABOUT_RETURN_TYPE = YES_ERROR;
				GCC_WARN_UNDECLARED_SELECTOR = YES;
				GCC_WARN_UNINITIALIZED_AUTOS = YES_AGGRESSIVE;
				GCC_WARN_UNUSED_FUNCTION = YES;
				GCC_WARN_UNUSED_VARIABLE = YES;
				MACOSX_DEPLOYMENT_TARGET = 12.3;
				MTL_ENABLE_DEBUG_INFO = NO;
				MTL_FAST_MATH = YES;
				SDKROOT = macosx;
				SWIFT_COMPILATION_MODE = wholemodule;
				SWIFT_OPTIMIZATION_LEVEL = "-O";
			};
			name = Release;
		};
		EEDA85CB282B40720047F3AC /* Debug */ = {
			isa = XCBuildConfiguration;
			buildSettings = {
				ALWAYS_EMBED_SWIFT_STANDARD_LIBRARIES = YES;
				ASSETCATALOG_COMPILER_APPICON_NAME = AppIcon;
				ASSETCATALOG_COMPILER_GLOBAL_ACCENT_COLOR_NAME = AccentColor;
				CODE_SIGN_ENTITLEMENTS = gitignore/Supporting/gitignoreDebug.entitlements;
				CODE_SIGN_IDENTITY = "-";
				CODE_SIGN_STYLE = Automatic;
				COMBINE_HIDPI_IMAGES = YES;
				CURRENT_PROJECT_VERSION = 2;
				DEVELOPMENT_ASSET_PATHS = "\"gitignore/Resources/Preview Content\"";
				DEVELOPMENT_TEAM = Q2JZBR7H7Y;
				ENABLE_HARDENED_RUNTIME = YES;
				ENABLE_PREVIEWS = YES;
				GENERATE_INFOPLIST_FILE = YES;
				INFOPLIST_FILE = gitignore/Supporting/Info.plist;
				INFOPLIST_KEY_LSApplicationCategoryType = "public.app-category.utilities";
				INFOPLIST_KEY_NSHumanReadableCopyright = "";
				LD_RUNPATH_SEARCH_PATHS = (
					"$(inherited)",
					"@executable_path/../Frameworks",
				);
				MACOSX_DEPLOYMENT_TARGET = 12.0;
				MARKETING_VERSION = 2.0;
				PRODUCT_BUNDLE_IDENTIFIER = JiHoonAHN.gitignore;
				PRODUCT_NAME = "$(TARGET_NAME)";
				SWIFT_EMIT_LOC_STRINGS = YES;
				SWIFT_VERSION = 5.0;
			};
			name = Debug;
		};
		EEDA85CC282B40720047F3AC /* Release */ = {
			isa = XCBuildConfiguration;
			buildSettings = {
				ALWAYS_EMBED_SWIFT_STANDARD_LIBRARIES = YES;
				ASSETCATALOG_COMPILER_APPICON_NAME = AppIcon;
				ASSETCATALOG_COMPILER_GLOBAL_ACCENT_COLOR_NAME = AccentColor;
				CODE_SIGN_ENTITLEMENTS = gitignore/Supporting/gitignore.entitlements;
				CODE_SIGN_IDENTITY = "-";
				CODE_SIGN_STYLE = Automatic;
				COMBINE_HIDPI_IMAGES = YES;
				CURRENT_PROJECT_VERSION = 2;
				DEVELOPMENT_ASSET_PATHS = "\"gitignore/Resources/Preview Content\"";
				DEVELOPMENT_TEAM = Q2JZBR7H7Y;
				ENABLE_HARDENED_RUNTIME = YES;
				ENABLE_PREVIEWS = YES;
				GENERATE_INFOPLIST_FILE = YES;
				INFOPLIST_FILE = gitignore/Supporting/Info.plist;
				INFOPLIST_KEY_LSApplicationCategoryType = "public.app-category.utilities";
				INFOPLIST_KEY_NSHumanReadableCopyright = "";
				LD_RUNPATH_SEARCH_PATHS = (
					"$(inherited)",
					"@executable_path/../Frameworks",
				);
				MACOSX_DEPLOYMENT_TARGET = 12.0;
				MARKETING_VERSION = 2.0;
				PRODUCT_BUNDLE_IDENTIFIER = JiHoonAHN.gitignore;
				PRODUCT_NAME = "$(TARGET_NAME)";
				SWIFT_EMIT_LOC_STRINGS = YES;
				SWIFT_VERSION = 5.0;
			};
			name = Release;
		};
/* End XCBuildConfiguration section */

/* Begin XCConfigurationList section */
		EEC59AE128475B73004A2A19 /* Build configuration list for PBXNativeTarget "gitignoreTests" */ = {
			isa = XCConfigurationList;
			buildConfigurations = (
				EEC59ADF28475B73004A2A19 /* Debug */,
				EEC59AE028475B73004A2A19 /* Release */,
			);
			defaultConfigurationIsVisible = 0;
			defaultConfigurationName = Release;
		};
		EEC59AEE28475E72004A2A19 /* Build configuration list for PBXNativeTarget "gitignoreUITests" */ = {
			isa = XCConfigurationList;
			buildConfigurations = (
				EEC59AEF28475E72004A2A19 /* Debug */,
				EEC59AF028475E72004A2A19 /* Release */,
			);
			defaultConfigurationIsVisible = 0;
			defaultConfigurationName = Release;
		};
		EEDA85B6282B40700047F3AC /* Build configuration list for PBXProject "gitignore" */ = {
			isa = XCConfigurationList;
			buildConfigurations = (
				EEDA85C8282B40720047F3AC /* Debug */,
				EEDA85C9282B40720047F3AC /* Release */,
			);
			defaultConfigurationIsVisible = 0;
			defaultConfigurationName = Release;
		};
		EEDA85CA282B40720047F3AC /* Build configuration list for PBXNativeTarget "gitignore" */ = {
			isa = XCConfigurationList;
			buildConfigurations = (
				EEDA85CB282B40720047F3AC /* Debug */,
				EEDA85CC282B40720047F3AC /* Release */,
			);
			defaultConfigurationIsVisible = 0;
			defaultConfigurationName = Release;
		};
/* End XCConfigurationList section */

/* Begin XCRemoteSwiftPackageReference section */
		EE5AAF96283FA56400E8255C /* XCRemoteSwiftPackageReference "swift-composable-architecture" */ = {
			isa = XCRemoteSwiftPackageReference;
			repositoryURL = "https://github.com/pointfreeco/swift-composable-architecture.git";
			requirement = {
				branch = main;
				kind = branch;
			};
		};
		EEB7BE952851EFE900FCC459 /* XCRemoteSwiftPackageReference "realm-swift" */ = {
			isa = XCRemoteSwiftPackageReference;
			repositoryURL = "https://github.com/realm/realm-swift.git";
			requirement = {
				branch = master;
				kind = branch;
			};
		};
		EEBFD72828530062006D00C3 /* XCRemoteSwiftPackageReference "Swinject" */ = {
			isa = XCRemoteSwiftPackageReference;
			repositoryURL = "https://github.com/Swinject/Swinject.git";
			requirement = {
				branch = master;
				kind = branch;
			};
		};
/* End XCRemoteSwiftPackageReference section */

/* Begin XCSwiftPackageProductDependency section */
		EE5AAF97283FA56400E8255C /* ComposableArchitecture */ = {
			isa = XCSwiftPackageProductDependency;
			package = EE5AAF96283FA56400E8255C /* XCRemoteSwiftPackageReference "swift-composable-architecture" */;
			productName = ComposableArchitecture;
		};
		EEA395D6283A42BC00A41CC4 /* gitignoreView */ = {
			isa = XCSwiftPackageProductDependency;
			productName = gitignoreView;
		};
		EEA60416282EB4EE00D79666 /* UIUtil */ = {
			isa = XCSwiftPackageProductDependency;
			productName = UIUtil;
		};
		EEA604252830277000D79666 /* FoundationUtil */ = {
			isa = XCSwiftPackageProductDependency;
			productName = FoundationUtil;
		};
		EEA66E5F284075E50095FB9A /* OSLogUtil */ = {
			isa = XCSwiftPackageProductDependency;
			productName = OSLogUtil;
		};
		EEB7BE962851EFE900FCC459 /* Realm */ = {
			isa = XCSwiftPackageProductDependency;
			package = EEB7BE952851EFE900FCC459 /* XCRemoteSwiftPackageReference "realm-swift" */;
			productName = Realm;
		};
		EEB7BE982851EFE900FCC459 /* RealmSwift */ = {
			isa = XCSwiftPackageProductDependency;
			package = EEB7BE952851EFE900FCC459 /* XCRemoteSwiftPackageReference "realm-swift" */;
			productName = RealmSwift;
		};
		EEB7BE9A28520BB000FCC459 /* gitignoreAPI */ = {
			isa = XCSwiftPackageProductDependency;
			productName = gitignoreAPI;
		};
		EEB7BE9C28520BB000FCC459 /* gitignoreLocal */ = {
			isa = XCSwiftPackageProductDependency;
			productName = gitignoreLocal;
		};
		EEBFD72928530062006D00C3 /* Swinject */ = {
			isa = XCSwiftPackageProductDependency;
			package = EEBFD72828530062006D00C3 /* XCRemoteSwiftPackageReference "Swinject" */;
			productName = Swinject;
		};
		EEBFD72B285306A9006D00C3 /* gitignoreService */ = {
			isa = XCSwiftPackageProductDependency;
			productName = gitignoreService;
		};
		EEC59AFC28477C6F004A2A19 /* WaterfallGrid */ = {
			isa = XCSwiftPackageProductDependency;
			productName = WaterfallGrid;
		};
		EECA500828551E99005F57F4 /* gitignoreList */ = {
			isa = XCSwiftPackageProductDependency;
			productName = gitignoreList;
		};
		EECA500A28551E99005F57F4 /* gitignoreMain */ = {
			isa = XCSwiftPackageProductDependency;
			productName = gitignoreMain;
		};
/* End XCSwiftPackageProductDependency section */
	};
	rootObject = EEDA85B3282B40700047F3AC /* Project object */;
}
